
Microsoft Visual Studio Solution File, Format Version 12.00
# Visual Studio Version 17
VisualStudioVersion = 17.2.32616.157
MinimumVisualStudioVersion = 10.0.40219.1
Project("{FAE04EC0-301F-11D3-BF4B-00C04F79EFBC}") = "BestBuyBestPractices", "BestBuyBestPractices.csproj", "{20A9CC88-5CBB-494E-AB2B-1B00704E4F41}"
EndProject
Global
	GlobalSection(SolutionConfigurationPlatforms) = preSolution
		Debug|Any CPU = Debug|Any CPU
		Release|Any CPU = Release|Any CPU
	EndGlobalSection
	GlobalSection(ProjectConfigurationPlatforms) = postSolution
		{20A9CC88-5CBB-494E-AB2B-1B00704E4F41}.Debug|Any CPU.ActiveCfg = Debug|Any CPU
		{20A9CC88-5CBB-494E-AB2B-1B00704E4F41}.Debug|Any CPU.Build.0 = Debug|Any CPU
		{20A9CC88-5CBB-494E-AB2B-1B00704E4F41}.Release|Any CPU.ActiveCfg = Release|Any CPU
		{20A9CC88-5CBB-494E-AB2B-1B00704E4F41}.Release|Any CPU.Build.0 = Release|Any CPU
	EndGlobalSection
	GlobalSection(SolutionProperties) = preSolution
		HideSolutionNode = FALSE
	EndGlobalSection
	GlobalSection(ExtensibilityGlobals) = postSolution
		SolutionGuid = {2B1F50C1-268E-4156-BA31-583A1F9AAA0A}
	EndGlobalSection
EndGlobal
